{
  "version": 4,
  "terraform_version": "1.10.5",
  "serial": 4,
  "lineage": "503d27d5-e6bd-0018-2838-641401946862",
  "outputs": {},
  "resources": [
    {
      "mode": "managed",
      "type": "aws_vpc",
      "name": "development_network",
      "provider": "provider[\"registry.terraform.io/hashicorp/aws\"]",
      "instances": [
        {
          "schema_version": 1,
          "attributes": {
            "arn": "arn:aws:ec2:ap-southeast-1:191121335626:vpc/vpc-0ffe8c81061ce2e85",
            "assign_generated_ipv6_cidr_block": false,
            "cidr_block": "10.100.0.0/16",
            "default_network_acl_id": "acl-0cb00ffe04470355f",
            "default_route_table_id": "rtb-07fa5ee2a6332cee2",
            "default_security_group_id": "sg-0dc23fe3b5130c3c8",
            "dhcp_options_id": "dopt-03a7f0f54418f647d",
            "enable_dns_hostnames": false,
            "enable_dns_support": true,
            "enable_network_address_usage_metrics": false,
            "id": "vpc-0ffe8c81061ce2e85",
            "instance_tenancy": "default",
            "ipv4_ipam_pool_id": null,
            "ipv4_netmask_length": null,
            "ipv6_association_id": "",
            "ipv6_cidr_block": "",
            "ipv6_cidr_block_network_border_group": "",
            "ipv6_ipam_pool_id": "",
            "ipv6_netmask_length": 0,
            "main_route_table_id": "rtb-07fa5ee2a6332cee2",
            "owner_id": "191121335626",
            "tags": {
              "Name": "Development Network"
            },
            "tags_all": {
              "Name": "Development Network"
            }
          },
          "sensitive_attributes": [],
          "private": "eyJzY2hlbWFfdmVyc2lvbiI6IjEifQ=="
        }
      ]
    }
  ],
  "check_results": null
}
